
Microsoft Visual Studio Solution File, Format Version 12.00
# Visual Studio Version 17
VisualStudioVersion = 17.14.36310.24 d17.14
MinimumVisualStudioVersion = 10.0.40219.1
Project("{FAE04EC0-301F-11D3-BF4B-00C04F79EFBC}") = "StatusSimulation", "StatusSimulation\StatusSimulation.csproj", "{6EC3D37E-4B09-402F-9BB8-B8605342D35B}"
EndProject
Global
	GlobalSection(SolutionConfigurationPlatforms) = preSolution
		Debug|Any CPU = Debug|Any CPU
		Release|Any CPU = Release|Any CPU
	EndGlobalSection
	GlobalSection(ProjectConfigurationPlatforms) = postSolution
		{6EC3D37E-4B09-402F-9BB8-B8605342D35B}.Debug|Any CPU.ActiveCfg = Debug|Any CPU
		{6EC3D37E-4B09-402F-9BB8-B8605342D35B}.Debug|Any CPU.Build.0 = Debug|Any CPU
		{6EC3D37E-4B09-402F-9BB8-B8605342D35B}.Release|Any CPU.ActiveCfg = Release|Any CPU
		{6EC3D37E-4B09-402F-9BB8-B8605342D35B}.Release|Any CPU.Build.0 = Release|Any CPU
	EndGlobalSection
	GlobalSection(SolutionProperties) = preSolution
		HideSolutionNode = FALSE
	EndGlobalSection
	GlobalSection(ExtensibilityGlobals) = postSolution
		SolutionGuid = {11261B08-E242-4A23-B4E7-C5E7A2F3E6E5}
	EndGlobalSection
EndGlobal
